{
  "name": "terminus-settings",
  "version": "1.0.0-alpha.55",
  "lockfileVersion": 1,
  "requires": true,
  "dependencies": {
    "@types/deep-equal": {
      "version": "1.0.0",
      "resolved": "https://registry.npmjs.org/@types/deep-equal/-/deep-equal-1.0.0.tgz",
      "integrity": "sha1-nr6qc9H8R5HwOKXxRA4ESeqWhJU=",
      "dev": true
    },
    "@types/node": {
      "version": "7.0.12",
      "resolved": "https://registry.npmjs.org/@types/node/-/node-7.0.12.tgz",
      "integrity": "sha1-rl9noZwV91IUgATbB8u7Ny5p78k=",
      "dev": true
    },
    "@types/webpack-env": {
      "version": "1.13.0",
      "resolved": "http://registry.npmjs.org/@types/webpack-env/-/webpack-env-1.13.0.tgz",
      "integrity": "sha1-MEQ4FkfhHulzxa8uklMjkw9pHYA=",
      "dev": true
    },
    "ngx-pipes": {
      "version": "1.7.0",
      "resolved": "https://registry.npmjs.org/ngx-pipes/-/ngx-pipes-1.7.0.tgz",
      "integrity": "sha512-ZTJc0/a+e+8v7pP+tb301So5UlxVOoUEZZtJHMjuvHO/CADqfgF+sOAdq1dZMf2RnJ2QTuxbZ8wf34w3T/f8AA==",
      "dev": true
    }
  }
}
