{
  "name": "terminus-terminal",
  "version": "1.0.0-alpha.55",
  "lockfileVersion": 1,
  "requires": true,
  "dependencies": {
    "@types/async-lock": {
      "version": "0.0.19",
      "resolved": "http://registry.npmjs.org/@types/async-lock/-/async-lock-0.0.19.tgz",
      "integrity": "sha1-S9t/jZrCgmWIuYBokDrtvZ2V3Og="
    },
    "@types/deep-equal": {
      "version": "1.0.1",
      "resolved": "https://registry.npmjs.org/@types/deep-equal/-/deep-equal-1.0.1.tgz",
      "integrity": "sha512-mMUu4nWHLBlHtxXY17Fg6+ucS/MnndyOWyOe7MmwkoMYxvfQU2ajtRaEvqSUv+aVkMqH/C0NCI8UoVfRNQ10yg==",
      "dev": true
    },
    "@types/mz": {
      "version": "0.0.31",
      "resolved": "https://registry.npmjs.org/@types/mz/-/mz-0.0.31.tgz",
      "integrity": "sha1-pNgMCC/v5x5Ap8DwfR5lVbu8e1I=",
      "dev": true,
      "requires": {
        "@types/node": "*"
      }
    },
    "@types/node": {
      "version": "7.0.12",
      "resolved": "https://registry.npmjs.org/@types/node/-/node-7.0.12.tgz",
      "integrity": "sha1-rl9noZwV91IUgATbB8u7Ny5p78k=",
      "dev": true
    },
    "@types/webpack-env": {
      "version": "1.13.0",
      "resolved": "http://registry.npmjs.org/@types/webpack-env/-/webpack-env-1.13.0.tgz",
      "integrity": "sha1-MEQ4FkfhHulzxa8uklMjkw9pHYA=",
      "dev": true
    },
    "any-promise": {
      "version": "1.3.0",
      "resolved": "https://registry.npmjs.org/any-promise/-/any-promise-1.3.0.tgz",
      "integrity": "sha1-q8av7tzqUugJzcA3au0845Y10X8="
    },
    "async-lock": {
      "version": "1.1.3",
      "resolved": "https://registry.npmjs.org/async-lock/-/async-lock-1.1.3.tgz",
      "integrity": "sha512-nxlfFLGfCJ1r7p9zhR5OuL6jYkDd9P7FqSitfLji+C1NdyhCz4+rWW3kiPiyPASHhN7VlsKEvRWWbnME9lYngw=="
    },
    "big.js": {
      "version": "3.2.0",
      "resolved": "https://registry.npmjs.org/big.js/-/big.js-3.2.0.tgz",
      "integrity": "sha512-+hN/Zh2D08Mx65pZ/4g5bsmNiZUuChDiQfTUQ7qJr4/kuopCr88xZsAXv6mBoZEsUI4OuGHlX59qE94K2mMW8Q==",
      "dev": true
    },
    "connected-domain": {
      "version": "1.0.0",
      "resolved": "https://registry.npmjs.org/connected-domain/-/connected-domain-1.0.0.tgz",
      "integrity": "sha1-v+dyOMdL5FOnnwy2BY3utPI1jpM="
    },
    "dataurl": {
      "version": "0.1.0",
      "resolved": "https://registry.npmjs.org/dataurl/-/dataurl-0.1.0.tgz",
      "integrity": "sha1-H0c0/t3sBf/kRXR5eNhnWcSzMZk=",
      "dev": true
    },
    "deep-equal": {
      "version": "1.0.1",
      "resolved": "https://registry.npmjs.org/deep-equal/-/deep-equal-1.0.1.tgz",
      "integrity": "sha1-9dJgKStmDghO/0zbyfCK0yR0SLU=",
      "dev": true
    },
    "emojis-list": {
      "version": "2.1.0",
      "resolved": "https://registry.npmjs.org/emojis-list/-/emojis-list-2.1.0.tgz",
      "integrity": "sha1-TapNnbAPmBmIDHn6RXrlsJof04k=",
      "dev": true
    },
    "file-loader": {
      "version": "0.11.2",
      "resolved": "https://registry.npmjs.org/file-loader/-/file-loader-0.11.2.tgz",
      "integrity": "sha512-N+uhF3mswIFeziHQjGScJ/yHXYt3DiLBeC+9vWW+WjUBiClMSOlV1YrXQi+7KM2aA3Rn4Bybgv+uXFQbfkzpvg==",
      "dev": true,
      "requires": {
        "loader-utils": "^1.0.2"
      }
    },
    "font-finder": {
      "version": "1.0.4",
      "resolved": "https://registry.npmjs.org/font-finder/-/font-finder-1.0.4.tgz",
      "integrity": "sha512-naF16RpjWUTFLqzhmdivYpBCrqySN6PI+a4GPtoEsCdvOpbKYTGeTjO7mxh3Wwjz4xKU+Oqx9kwOcteLDeMFQA==",
      "dev": true,
      "requires": {
        "get-system-fonts": "^2.0.0",
        "promise-stream-reader": "^1.0.1"
      }
    },
    "font-ligatures": {
      "version": "1.3.2",
      "resolved": "https://registry.npmjs.org/font-ligatures/-/font-ligatures-1.3.2.tgz",
      "integrity": "sha512-h9t+gvKVr/c2GnQs4GhXHY39/qyLlXNaIxupU1cxj7YOXEFT8+sJfcchIrZ9UETZUUT7dNcI7RDOXN7gFtuw2g==",
      "dev": true,
      "requires": {
        "font-finder": "^1.0.3",
        "lru-cache": "^4.1.3",
        "opentype.js": "^0.8.0"
      }
    },
    "font-manager": {
      "version": "0.3.0",
      "resolved": "https://registry.npmjs.org/font-manager/-/font-manager-0.3.0.tgz",
      "integrity": "sha512-6N3pzO+9kxE3yD9c4VN7reg5fqgFvjcUdxZmwauRzsExaeKRu0APfEi3DOISFakokybgKlZcLFQHawwc2TMpQQ==",
      "requires": {
        "nan": ">=2.10.0"
      }
    },
    "get-system-fonts": {
      "version": "2.0.0",
      "resolved": "https://registry.npmjs.org/get-system-fonts/-/get-system-fonts-2.0.0.tgz",
      "integrity": "sha512-iiM/DavyF2nnLdELzPBSHojzQJVai9WiwrRzn5gp2dutJuerC8qHyBoh4lxfVdKGbnb9eZ4p8Oefbuc3yExB7Q==",
      "dev": true
    },
    "hterm-umdjs": {
      "version": "1.4.1",
      "resolved": "https://registry.npmjs.org/hterm-umdjs/-/hterm-umdjs-1.4.1.tgz",
      "integrity": "sha512-r5JOmdDK1bZCmp3cKcuGRLVeum33H+pzD119ZxmQou+QUVe6SAVSz03HvKWVhM2Ao1Biv+fkhFDmnsaRPq0tFg=="
    },
    "json5": {
      "version": "0.5.1",
      "resolved": "http://registry.npmjs.org/json5/-/json5-0.5.1.tgz",
      "integrity": "sha1-Hq3nrMASA0rYTiOWdn6tn6VJWCE=",
      "dev": true
    },
    "loader-utils": {
      "version": "1.1.0",
      "resolved": "https://registry.npmjs.org/loader-utils/-/loader-utils-1.1.0.tgz",
      "integrity": "sha1-yYrvSIvM7aL/teLeZG1qdUQp9c0=",
      "dev": true,
      "requires": {
        "big.js": "^3.1.3",
        "emojis-list": "^2.0.0",
        "json5": "^0.5.0"
      }
    },
    "lru-cache": {
      "version": "4.1.3",
      "resolved": "https://registry.npmjs.org/lru-cache/-/lru-cache-4.1.3.tgz",
      "integrity": "sha512-fFEhvcgzuIoJVUF8fYr5KR0YqxD238zgObTps31YdADwPPAp82a4M8TrckkWyx7ekNlf9aBcVn81cFwwXngrJA==",
      "dev": true,
      "requires": {
        "pseudomap": "^1.0.2",
        "yallist": "^2.1.2"
      }
    },
    "macos-native-processlist": {
      "version": "1.0.0",
      "resolved": "https://registry.npmjs.org/macos-native-processlist/-/macos-native-processlist-1.0.0.tgz",
      "integrity": "sha512-FYA5DzCBvt+1wcCR8iFoCW2zZ8GZXtR6Ee/kpC9gVlqvEcM2ooma71KV8EIP2VaM+v2HOQAVvNoKSmFBd4z8dQ==",
      "optional": true,
      "requires": {
        "nan": "^2.10.0"
      }
    },
    "mz": {
      "version": "2.7.0",
      "resolved": "https://registry.npmjs.org/mz/-/mz-2.7.0.tgz",
      "integrity": "sha512-z81GNO7nnYMEhrGh9LeymoE4+Yr0Wn5McHIZMK5cfQCl+NDX08sCZgUc9/6MHni9IWuFLm1Z3HTCXu2z9fN62Q==",
      "requires": {
        "any-promise": "^1.0.0",
        "object-assign": "^4.0.1",
        "thenify-all": "^1.0.0"
      }
    },
    "nan": {
      "version": "2.11.1",
      "resolved": "https://registry.npmjs.org/nan/-/nan-2.11.1.tgz",
      "integrity": "sha512-iji6k87OSXa0CcrLl9z+ZiYSuR2o+c0bGuNmXdrhTQTakxytAFsC56SArGYoiHlJlFoHSnvmhpceZJaXkVuOtA=="
    },
    "node-pty-tmp": {
      "version": "0.7.2",
      "resolved": "https://registry.npmjs.org/node-pty-tmp/-/node-pty-tmp-0.7.2.tgz",
      "integrity": "sha512-/I0BluFKSy7SOnlR5TALVx+pQEJZQStsfkwCpmsxHymSUVc3dJeOLrbaaVtNsU0VchXF3KOZJmHk7EUdBmWbfQ==",
      "requires": {
        "nan": "^2.10.0"
      }
    },
    "object-assign": {
      "version": "4.1.1",
      "resolved": "https://registry.npmjs.org/object-assign/-/object-assign-4.1.1.tgz",
      "integrity": "sha1-IQmtx5ZYh8/AXLvUQsrIv7s2CGM="
    },
    "opentype.js": {
      "version": "0.8.0",
      "resolved": "http://registry.npmjs.org/opentype.js/-/opentype.js-0.8.0.tgz",
      "integrity": "sha1-rKvPoWQvvolKPk11nkO6aU4CvTU=",
      "dev": true,
      "requires": {
        "tiny-inflate": "^1.0.2"
      }
    },
    "promise-stream-reader": {
      "version": "1.0.1",
      "resolved": "https://registry.npmjs.org/promise-stream-reader/-/promise-stream-reader-1.0.1.tgz",
      "integrity": "sha512-Tnxit5trUjBAqqZCGWwjyxhmgMN4hGrtpW3Oc/tRI4bpm/O2+ej72BB08l6JBnGQgVDGCLvHFGjGgQS6vzhwXg==",
      "dev": true
    },
    "ps-node": {
      "version": "0.1.6",
      "resolved": "https://registry.npmjs.org/ps-node/-/ps-node-0.1.6.tgz",
      "integrity": "sha1-mvZ6mdex0BMuUaUDCZ04qNKs4sM=",
      "requires": {
        "table-parser": "^0.1.3"
      }
    },
    "pseudomap": {
      "version": "1.0.2",
      "resolved": "https://registry.npmjs.org/pseudomap/-/pseudomap-1.0.2.tgz",
      "integrity": "sha1-8FKijacOYYkX7wqKw0wa5aaChrM=",
      "dev": true
    },
    "rage-edit-tmp": {
      "version": "1.1.0",
      "resolved": "https://registry.npmjs.org/rage-edit-tmp/-/rage-edit-tmp-1.1.0.tgz",
      "integrity": "sha512-lR97QHY5WSf9orInMJhPqUbenkdiy7QbXUoRMI+wBZGyAPkxNwgo7h6ojq634QrBf/kQo3mVXYjuD3ZYraNaZQ==",
      "dev": true
    },
    "runes": {
      "version": "0.4.3",
      "resolved": "https://registry.npmjs.org/runes/-/runes-0.4.3.tgz",
      "integrity": "sha512-K6p9y4ZyL9wPzA+PMDloNQPfoDGTiFYDvdlXznyGKgD10BJpcAosvATKrExRKOrNLgD8E7Um7WGW0lxsnOuNLg=="
    },
    "table-parser": {
      "version": "0.1.3",
      "resolved": "https://registry.npmjs.org/table-parser/-/table-parser-0.1.3.tgz",
      "integrity": "sha1-BEHPzhallIFoTCfRtaZ/8VpDx7A=",
      "requires": {
        "connected-domain": "^1.0.0"
      }
    },
    "thenify": {
      "version": "3.3.0",
      "resolved": "https://registry.npmjs.org/thenify/-/thenify-3.3.0.tgz",
      "integrity": "sha1-5p44obq+lpsBCCB5eLn2K4hgSDk=",
      "requires": {
        "any-promise": "^1.0.0"
      }
    },
    "thenify-all": {
      "version": "1.6.0",
      "resolved": "https://registry.npmjs.org/thenify-all/-/thenify-all-1.6.0.tgz",
      "integrity": "sha1-GhkY1ALY/D+Y+/I02wvMjMEOlyY=",
      "requires": {
        "thenify": ">= 3.1.0 < 4"
      }
    },
    "tiny-inflate": {
      "version": "1.0.2",
      "resolved": "https://registry.npmjs.org/tiny-inflate/-/tiny-inflate-1.0.2.tgz",
      "integrity": "sha1-k9nez/yIBb1X6uQxDwt0Xptvs6c=",
      "dev": true
    },
    "uuid": {
      "version": "3.3.2",
      "resolved": "https://registry.npmjs.org/uuid/-/uuid-3.3.2.tgz",
      "integrity": "sha512-yXJmeNaw3DnnKAOKJE51sL/ZaYfWJRl1pK9dr19YFCu0ObS231AB1/LbqTKRAQ5kw8A90rA6fr4riOUpTZvQZA==",
      "dev": true
    },
    "windows-process-tree": {
      "version": "0.2.3",
      "resolved": "https://registry.npmjs.org/windows-process-tree/-/windows-process-tree-0.2.3.tgz",
      "integrity": "sha512-SzPJSubVVsToz1g5lr2P+4mQT70gvJ9u/nlnpfkOeQcAhOuhKz5DiO1TARgR0OnVsv21LPzxbA2m/4JQkGh1wA==",
      "optional": true,
      "requires": {
        "nan": "^2.10.0"
      }
    },
    "xterm": {
      "version": "3.8.0",
      "resolved": "https://registry.npmjs.org/xterm/-/xterm-3.8.0.tgz",
      "integrity": "sha512-rS3HLryuMWbLsv98+jVVSUXCxmoyXPwqwJNC0ad0VSMdXgl65LefPztQVwfurkaF7kM7ZSgM8eJjnJ9kkdoR1w==",
      "dev": true
    },
    "xterm-addon-ligatures-tmp": {
      "version": "0.1.0-beta-2",
      "resolved": "https://registry.npmjs.org/xterm-addon-ligatures-tmp/-/xterm-addon-ligatures-tmp-0.1.0-beta-2.tgz",
      "integrity": "sha512-d+UoX5dfP7ZSEE/DnQlqubs7Bpw5UxLfTAibpo4pOU2KFw+lRlsLgHg5fcmhXoEvD9rj01enYTsIjedNwnwC5Q==",
      "dev": true,
      "requires": {
        "font-finder": "^1.0.2",
        "font-ligatures": "^1.3.1"
      }
    },
    "yallist": {
      "version": "2.1.2",
      "resolved": "https://registry.npmjs.org/yallist/-/yallist-2.1.2.tgz",
      "integrity": "sha1-HBH5IY8HYImkfdUS+TxmmaaoHVI=",
      "dev": true
    }
  }
}
